<<<<<<< HEAD
﻿
Microsoft Visual Studio Solution File, Format Version 11.00
# Visual Studio 2010
Project("{FAE04EC0-301F-11D3-BF4B-00C04F79EFBC}") = "DuYourExpression", "Assembly-CSharp.csproj", "{5AC6E873-99E1-D5E5-F00A-55AF41FDFB63}"
EndProject
Global
	GlobalSection(SolutionConfigurationPlatforms) = preSolution
		Debug|Any CPU = Debug|Any CPU
		Release|Any CPU = Release|Any CPU
	EndGlobalSection
	GlobalSection(ProjectConfigurationPlatforms) = postSolution
		{5AC6E873-99E1-D5E5-F00A-55AF41FDFB63}.Debug|Any CPU.ActiveCfg = Debug|Any CPU
		{5AC6E873-99E1-D5E5-F00A-55AF41FDFB63}.Debug|Any CPU.Build.0 = Debug|Any CPU
		{5AC6E873-99E1-D5E5-F00A-55AF41FDFB63}.Release|Any CPU.ActiveCfg = Release|Any CPU
		{5AC6E873-99E1-D5E5-F00A-55AF41FDFB63}.Release|Any CPU.Build.0 = Release|Any CPU
	EndGlobalSection
	GlobalSection(SolutionProperties) = preSolution
		HideSolutionNode = FALSE
	EndGlobalSection
	GlobalSection(MonoDevelopProperties) = preSolution
		StartupItem = Assembly-CSharp.csproj
	EndGlobalSection
EndGlobal
=======
﻿
Microsoft Visual Studio Solution File, Format Version 12.00
# Visual Studio 2017
Project("{FAE04EC0-301F-11D3-BF4B-00C04F79EFBC}") = "DuYourExpression", "DuYourExpression.csproj", "{AD4D066C-05B5-7049-A16B-565B824DCF81}"
EndProject
Global
	GlobalSection(SolutionConfigurationPlatforms) = preSolution
		Debug|Any CPU = Debug|Any CPU
		Release|Any CPU = Release|Any CPU
	EndGlobalSection
	GlobalSection(ProjectConfigurationPlatforms) = postSolution
		{AD4D066C-05B5-7049-A16B-565B824DCF81}.Debug|Any CPU.ActiveCfg = Debug|Any CPU
		{AD4D066C-05B5-7049-A16B-565B824DCF81}.Debug|Any CPU.Build.0 = Debug|Any CPU
		{AD4D066C-05B5-7049-A16B-565B824DCF81}.Release|Any CPU.ActiveCfg = Release|Any CPU
		{AD4D066C-05B5-7049-A16B-565B824DCF81}.Release|Any CPU.Build.0 = Release|Any CPU
	EndGlobalSection
	GlobalSection(SolutionProperties) = preSolution
		HideSolutionNode = FALSE
	EndGlobalSection
EndGlobal
>>>>>>> 67b861764a9dcbbba9c5f584917772e26480ae32
